// !$*UTF8*$!
{
	archiveVersion = 1;
	classes = {
	};
	objectVersion = 46;
	objects = {

/* Begin PBXBuildFile section */
		000214641ED38D2500ED291F /* Pokemon.swift in Sources */ = {isa = PBXBuildFile; fileRef = 000214631ED38D2500ED291F /* Pokemon.swift */; };
		000214661ED39DB500ED291F /* PokeCell.swift in Sources */ = {isa = PBXBuildFile; fileRef = 000214651ED39DB500ED291F /* PokeCell.swift */; };
		00410FC31ED77EE3006656D1 /* PokemonDetailVC.swift in Sources */ = {isa = PBXBuildFile; fileRef = 00410FC21ED77EE3006656D1 /* PokemonDetailVC.swift */; };
		004EAF0B1ED4E17D001A7207 /* csv.swift in Sources */ = {isa = PBXBuildFile; fileRef = 004EAF0A1ED4E17D001A7207 /* csv.swift */; };
		005A30BA1ECE5174009B5AD9 /* AppDelegate.swift in Sources */ = {isa = PBXBuildFile; fileRef = 005A30B91ECE5174009B5AD9 /* AppDelegate.swift */; };
		005A30BC1ECE5174009B5AD9 /* ViewController.swift in Sources */ = {isa = PBXBuildFile; fileRef = 005A30BB1ECE5174009B5AD9 /* ViewController.swift */; };
		005A30BF1ECE5174009B5AD9 /* Main.storyboard in Resources */ = {isa = PBXBuildFile; fileRef = 005A30BD1ECE5174009B5AD9 /* Main.storyboard */; };
		005A30C11ECE5174009B5AD9 /* Assets.xcassets in Resources */ = {isa = PBXBuildFile; fileRef = 005A30C01ECE5174009B5AD9 /* Assets.xcassets */; };
		005A30C41ECE5174009B5AD9 /* LaunchScreen.storyboard in Resources */ = {isa = PBXBuildFile; fileRef = 005A30C21ECE5174009B5AD9 /* LaunchScreen.storyboard */; };
		005A30CF1ECE5174009B5AD9 /* PokedexTests.swift in Sources */ = {isa = PBXBuildFile; fileRef = 005A30CE1ECE5174009B5AD9 /* PokedexTests.swift */; };
		005A30DA1ECE5174009B5AD9 /* PokedexUITests.swift in Sources */ = {isa = PBXBuildFile; fileRef = 005A30D91ECE5174009B5AD9 /* PokedexUITests.swift */; };
		005A30EB1ECE57DC009B5AD9 /* pokemon.csv in Resources */ = {isa = PBXBuildFile; fileRef = 005A30EA1ECE57DC009B5AD9 /* pokemon.csv */; };
		005FCF3E1ED62B9900591202 /* pokemon.ttf in Resources */ = {isa = PBXBuildFile; fileRef = 005FCF3D1ED62B9900591202 /* pokemon.ttf */; };
		005FCF3F1ED62B9900591202 /* pokemon.ttf in Resources */ = {isa = PBXBuildFile; fileRef = 005FCF3D1ED62B9900591202 /* pokemon.ttf */; };
		005FCF401ED62B9900591202 /* pokemon.ttf in Resources */ = {isa = PBXBuildFile; fileRef = 005FCF3D1ED62B9900591202 /* pokemon.ttf */; };
		005FCF451ED62E0700591202 /* music.mp3 in Resources */ = {isa = PBXBuildFile; fileRef = 005FCF431ED62E0700591202 /* music.mp3 */; };
		005FCF461ED62E0700591202 /* music.mp3 in Resources */ = {isa = PBXBuildFile; fileRef = 005FCF431ED62E0700591202 /* music.mp3 */; };
		005FCF471ED62E0700591202 /* music.mp3 in Resources */ = {isa = PBXBuildFile; fileRef = 005FCF431ED62E0700591202 /* music.mp3 */; };
		005FCF481ED62E0700591202 /* music.png in Resources */ = {isa = PBXBuildFile; fileRef = 005FCF441ED62E0700591202 /* music.png */; };
		005FCF491ED62E0700591202 /* music.png in Resources */ = {isa = PBXBuildFile; fileRef = 005FCF441ED62E0700591202 /* music.png */; };
		005FCF4A1ED62E0700591202 /* music.png in Resources */ = {isa = PBXBuildFile; fileRef = 005FCF441ED62E0700591202 /* music.png */; };
		0F7940A6F49854C31CB16604 /* Pods_PokedexTests.framework in Frameworks */ = {isa = PBXBuildFile; fileRef = 93951AC061A5CAF8EE974CBB /* Pods_PokedexTests.framework */; };
		585B57A398E70234BCB58650 /* Pods_PokedexUITests.framework in Frameworks */ = {isa = PBXBuildFile; fileRef = 041E21396203CDA58DE1F4F1 /* Pods_PokedexUITests.framework */; };
		B89A07DAC2B3C029E00A240A /* Pods_Pokedex.framework in Frameworks */ = {isa = PBXBuildFile; fileRef = EB4948100A57DDFDC438E75E /* Pods_Pokedex.framework */; };
/* End PBXBuildFile section */

/* Begin PBXContainerItemProxy section */
		005A30CB1ECE5174009B5AD9 /* PBXContainerItemProxy */ = {
			isa = PBXContainerItemProxy;
			containerPortal = 005A30AE1ECE5174009B5AD9 /* Project object */;
			proxyType = 1;
			remoteGlobalIDString = 005A30B51ECE5174009B5AD9;
			remoteInfo = Pokedex;
		};
		005A30D61ECE5174009B5AD9 /* PBXContainerItemProxy */ = {
			isa = PBXContainerItemProxy;
			containerPortal = 005A30AE1ECE5174009B5AD9 /* Project object */;
			proxyType = 1;
			remoteGlobalIDString = 005A30B51ECE5174009B5AD9;
			remoteInfo = Pokedex;
		};
/* End PBXContainerItemProxy section */

/* Begin PBXFileReference section */
		000214631ED38D2500ED291F /* Pokemon.swift */ = {isa = PBXFileReference; fileEncoding = 4; lastKnownFileType = sourcecode.swift; path = Pokemon.swift; sourceTree = "<group>"; };
		000214651ED39DB500ED291F /* PokeCell.swift */ = {isa = PBXFileReference; fileEncoding = 4; lastKnownFileType = sourcecode.swift; path = PokeCell.swift; sourceTree = "<group>"; };
		00410FC21ED77EE3006656D1 /* PokemonDetailVC.swift */ = {isa = PBXFileReference; fileEncoding = 4; lastKnownFileType = sourcecode.swift; path = PokemonDetailVC.swift; sourceTree = "<group>"; };
		004EAF0A1ED4E17D001A7207 /* csv.swift */ = {isa = PBXFileReference; fileEncoding = 4; lastKnownFileType = sourcecode.swift; path = csv.swift; sourceTree = "<group>"; };
		005A30B61ECE5174009B5AD9 /* Pokedex.app */ = {isa = PBXFileReference; explicitFileType = wrapper.application; includeInIndex = 0; path = Pokedex.app; sourceTree = BUILT_PRODUCTS_DIR; };
		005A30B91ECE5174009B5AD9 /* AppDelegate.swift */ = {isa = PBXFileReference; lastKnownFileType = sourcecode.swift; path = AppDelegate.swift; sourceTree = "<group>"; };
		005A30BB1ECE5174009B5AD9 /* ViewController.swift */ = {isa = PBXFileReference; lastKnownFileType = sourcecode.swift; path = ViewController.swift; sourceTree = "<group>"; };
		005A30BE1ECE5174009B5AD9 /* Base */ = {isa = PBXFileReference; lastKnownFileType = file.storyboard; name = Base; path = Base.lproj/Main.storyboard; sourceTree = "<group>"; };
		005A30C01ECE5174009B5AD9 /* Assets.xcassets */ = {isa = PBXFileReference; lastKnownFileType = folder.assetcatalog; path = Assets.xcassets; sourceTree = "<group>"; };
		005A30C31ECE5174009B5AD9 /* Base */ = {isa = PBXFileReference; lastKnownFileType = file.storyboard; name = Base; path = Base.lproj/LaunchScreen.storyboard; sourceTree = "<group>"; };
		005A30C51ECE5174009B5AD9 /* Info.plist */ = {isa = PBXFileReference; lastKnownFileType = text.plist.xml; path = Info.plist; sourceTree = "<group>"; };
		005A30CA1ECE5174009B5AD9 /* PokedexTests.xctest */ = {isa = PBXFileReference; explicitFileType = wrapper.cfbundle; includeInIndex = 0; path = PokedexTests.xctest; sourceTree = BUILT_PRODUCTS_DIR; };
		005A30CE1ECE5174009B5AD9 /* PokedexTests.swift */ = {isa = PBXFileReference; lastKnownFileType = sourcecode.swift; path = PokedexTests.swift; sourceTree = "<group>"; };
		005A30D01ECE5174009B5AD9 /* Info.plist */ = {isa = PBXFileReference; lastKnownFileType = text.plist.xml; path = Info.plist; sourceTree = "<group>"; };
		005A30D51ECE5174009B5AD9 /* PokedexUITests.xctest */ = {isa = PBXFileReference; explicitFileType = wrapper.cfbundle; includeInIndex = 0; path = PokedexUITests.xctest; sourceTree = BUILT_PRODUCTS_DIR; };
		005A30D91ECE5174009B5AD9 /* PokedexUITests.swift */ = {isa = PBXFileReference; lastKnownFileType = sourcecode.swift; path = PokedexUITests.swift; sourceTree = "<group>"; };
		005A30DB1ECE5174009B5AD9 /* Info.plist */ = {isa = PBXFileReference; lastKnownFileType = text.plist.xml; path = Info.plist; sourceTree = "<group>"; };
		005A30EA1ECE57DC009B5AD9 /* pokemon.csv */ = {isa = PBXFileReference; fileEncoding = 4; lastKnownFileType = text; path = pokemon.csv; sourceTree = "<group>"; };
		005FCF3D1ED62B9900591202 /* pokemon.ttf */ = {isa = PBXFileReference; lastKnownFileType = file; path = pokemon.ttf; sourceTree = "<group>"; };
		005FCF431ED62E0700591202 /* music.mp3 */ = {isa = PBXFileReference; lastKnownFileType = audio.mp3; path = music.mp3; sourceTree = "<group>"; };
		005FCF441ED62E0700591202 /* music.png */ = {isa = PBXFileReference; lastKnownFileType = image.png; path = music.png; sourceTree = "<group>"; };
		041E21396203CDA58DE1F4F1 /* Pods_PokedexUITests.framework */ = {isa = PBXFileReference; explicitFileType = wrapper.framework; includeInIndex = 0; path = Pods_PokedexUITests.framework; sourceTree = BUILT_PRODUCTS_DIR; };
		564BBD402095F343F7156BFE /* Pods-Pokedex.release.xcconfig */ = {isa = PBXFileReference; includeInIndex = 1; lastKnownFileType = text.xcconfig; name = "Pods-Pokedex.release.xcconfig"; path = "Pods/Target Support Files/Pods-Pokedex/Pods-Pokedex.release.xcconfig"; sourceTree = "<group>"; };
		93951AC061A5CAF8EE974CBB /* Pods_PokedexTests.framework */ = {isa = PBXFileReference; explicitFileType = wrapper.framework; includeInIndex = 0; path = Pods_PokedexTests.framework; sourceTree = BUILT_PRODUCTS_DIR; };
		A14CFF4993A7942FC908A55D /* Pods-PokedexUITests.release.xcconfig */ = {isa = PBXFileReference; includeInIndex = 1; lastKnownFileType = text.xcconfig; name = "Pods-PokedexUITests.release.xcconfig"; path = "Pods/Target Support Files/Pods-PokedexUITests/Pods-PokedexUITests.release.xcconfig"; sourceTree = "<group>"; };
		BD17AE2ABF2160F3027E6611 /* Pods-Pokedex.debug.xcconfig */ = {isa = PBXFileReference; includeInIndex = 1; lastKnownFileType = text.xcconfig; name = "Pods-Pokedex.debug.xcconfig"; path = "Pods/Target Support Files/Pods-Pokedex/Pods-Pokedex.debug.xcconfig"; sourceTree = "<group>"; };
		C0CFBF3EFDAAC72B7758F815 /* Pods-PokedexUITests.debug.xcconfig */ = {isa = PBXFileReference; includeInIndex = 1; lastKnownFileType = text.xcconfig; name = "Pods-PokedexUITests.debug.xcconfig"; path = "Pods/Target Support Files/Pods-PokedexUITests/Pods-PokedexUITests.debug.xcconfig"; sourceTree = "<group>"; };
		C8FF8264F0D8FAA660136B98 /* Pods-PokedexTests.debug.xcconfig */ = {isa = PBXFileReference; includeInIndex = 1; lastKnownFileType = text.xcconfig; name = "Pods-PokedexTests.debug.xcconfig"; path = "Pods/Target Support Files/Pods-PokedexTests/Pods-PokedexTests.debug.xcconfig"; sourceTree = "<group>"; };
		D0621A4CB5B2A7541EFDDAB2 /* Pods-PokedexTests.release.xcconfig */ = {isa = PBXFileReference; includeInIndex = 1; lastKnownFileType = text.xcconfig; name = "Pods-PokedexTests.release.xcconfig"; path = "Pods/Target Support Files/Pods-PokedexTests/Pods-PokedexTests.release.xcconfig"; sourceTree = "<group>"; };
		EB4948100A57DDFDC438E75E /* Pods_Pokedex.framework */ = {isa = PBXFileReference; explicitFileType = wrapper.framework; includeInIndex = 0; path = Pods_Pokedex.framework; sourceTree = BUILT_PRODUCTS_DIR; };
/* End PBXFileReference section */

/* Begin PBXFrameworksBuildPhase section */
		005A30B31ECE5174009B5AD9 /* Frameworks */ = {
			isa = PBXFrameworksBuildPhase;
			buildActionMask = 2147483647;
			files = (
				B89A07DAC2B3C029E00A240A /* Pods_Pokedex.framework in Frameworks */,
			);
			runOnlyForDeploymentPostprocessing = 0;
		};
		005A30C71ECE5174009B5AD9 /* Frameworks */ = {
			isa = PBXFrameworksBuildPhase;
			buildActionMask = 2147483647;
			files = (
				0F7940A6F49854C31CB16604 /* Pods_PokedexTests.framework in Frameworks */,
			);
			runOnlyForDeploymentPostprocessing = 0;
		};
		005A30D21ECE5174009B5AD9 /* Frameworks */ = {
			isa = PBXFrameworksBuildPhase;
			buildActionMask = 2147483647;
			files = (
				585B57A398E70234BCB58650 /* Pods_PokedexUITests.framework in Frameworks */,
			);
			runOnlyForDeploymentPostprocessing = 0;
		};
/* End PBXFrameworksBuildPhase section */

/* Begin PBXGroup section */
		005A30AD1ECE5174009B5AD9 = {
			isa = PBXGroup;
			children = (
				005A30B81ECE5174009B5AD9 /* Pokedex */,
				005A30CD1ECE5174009B5AD9 /* PokedexTests */,
				005A30D81ECE5174009B5AD9 /* PokedexUITests */,
				005A30B71ECE5174009B5AD9 /* Products */,
				8D2A559A84ACC33FDE26B16C /* Pods */,
				5680FBB655B5B09EEBFB2182 /* Frameworks */,
			);
			sourceTree = "<group>";
		};
		005A30B71ECE5174009B5AD9 /* Products */ = {
			isa = PBXGroup;
			children = (
				005A30B61ECE5174009B5AD9 /* Pokedex.app */,
				005A30CA1ECE5174009B5AD9 /* PokedexTests.xctest */,
				005A30D51ECE5174009B5AD9 /* PokedexUITests.xctest */,
			);
			name = Products;
			sourceTree = "<group>";
		};
		005A30B81ECE5174009B5AD9 /* Pokedex */ = {
			isa = PBXGroup;
			children = (
				005FCF421ED62C6E00591202 /* Util */,
				005FCF411ED62C4700591202 /* Resources */,
				005A30E91ECE53A0009B5AD9 /* Controller */,
				005A30E81ECE539C009B5AD9 /* View */,
				005A30E71ECE5392009B5AD9 /* Model */,
				005A30B91ECE5174009B5AD9 /* AppDelegate.swift */,
				005A30BD1ECE5174009B5AD9 /* Main.storyboard */,
				005A30C01ECE5174009B5AD9 /* Assets.xcassets */,
				005A30C21ECE5174009B5AD9 /* LaunchScreen.storyboard */,
				005A30C51ECE5174009B5AD9 /* Info.plist */,
			);
			path = Pokedex;
			sourceTree = "<group>";
		};
		005A30CD1ECE5174009B5AD9 /* PokedexTests */ = {
			isa = PBXGroup;
			children = (
				005A30CE1ECE5174009B5AD9 /* PokedexTests.swift */,
				005A30D01ECE5174009B5AD9 /* Info.plist */,
			);
			path = PokedexTests;
			sourceTree = "<group>";
		};
		005A30D81ECE5174009B5AD9 /* PokedexUITests */ = {
			isa = PBXGroup;
			children = (
				005A30D91ECE5174009B5AD9 /* PokedexUITests.swift */,
				005A30DB1ECE5174009B5AD9 /* Info.plist */,
			);
			path = PokedexUITests;
			sourceTree = "<group>";
		};
		005A30E71ECE5392009B5AD9 /* Model */ = {
			isa = PBXGroup;
			children = (
				000214631ED38D2500ED291F /* Pokemon.swift */,
			);
			name = Model;
			sourceTree = "<group>";
		};
		005A30E81ECE539C009B5AD9 /* View */ = {
			isa = PBXGroup;
			children = (
				000214651ED39DB500ED291F /* PokeCell.swift */,
			);
			name = View;
			sourceTree = "<group>";
		};
		005A30E91ECE53A0009B5AD9 /* Controller */ = {
			isa = PBXGroup;
			children = (
				005A30BB1ECE5174009B5AD9 /* ViewController.swift */,
				00410FC21ED77EE3006656D1 /* PokemonDetailVC.swift */,
			);
			name = Controller;
			sourceTree = "<group>";
		};
		005FCF411ED62C4700591202 /* Resources */ = {
			isa = PBXGroup;
			children = (
				005FCF3D1ED62B9900591202 /* pokemon.ttf */,
				005FCF431ED62E0700591202 /* music.mp3 */,
				005FCF441ED62E0700591202 /* music.png */,
				005A30EA1ECE57DC009B5AD9 /* pokemon.csv */,
			);
			name = Resources;
			sourceTree = "<group>";
		};
		005FCF421ED62C6E00591202 /* Util */ = {
			isa = PBXGroup;
			children = (
				004EAF0A1ED4E17D001A7207 /* csv.swift */,
			);
			name = Util;
			sourceTree = "<group>";
		};
		5680FBB655B5B09EEBFB2182 /* Frameworks */ = {
			isa = PBXGroup;
			children = (
				EB4948100A57DDFDC438E75E /* Pods_Pokedex.framework */,
				93951AC061A5CAF8EE974CBB /* Pods_PokedexTests.framework */,
				041E21396203CDA58DE1F4F1 /* Pods_PokedexUITests.framework */,
			);
			name = Frameworks;
			sourceTree = "<group>";
		};
		8D2A559A84ACC33FDE26B16C /* Pods */ = {
			isa = PBXGroup;
			children = (
				BD17AE2ABF2160F3027E6611 /* Pods-Pokedex.debug.xcconfig */,
				564BBD402095F343F7156BFE /* Pods-Pokedex.release.xcconfig */,
				C8FF8264F0D8FAA660136B98 /* Pods-PokedexTests.debug.xcconfig */,
				D0621A4CB5B2A7541EFDDAB2 /* Pods-PokedexTests.release.xcconfig */,
				C0CFBF3EFDAAC72B7758F815 /* Pods-PokedexUITests.debug.xcconfig */,
				A14CFF4993A7942FC908A55D /* Pods-PokedexUITests.release.xcconfig */,
			);
			name = Pods;
			sourceTree = "<group>";
		};
/* End PBXGroup section */

/* Begin PBXNativeTarget section */
		005A30B51ECE5174009B5AD9 /* Pokedex */ = {
			isa = PBXNativeTarget;
			buildConfigurationList = 005A30DE1ECE5174009B5AD9 /* Build configuration list for PBXNativeTarget "Pokedex" */;
			buildPhases = (
				C30DEA2EE2EFD22DE5377008 /* [CP] Check Pods Manifest.lock */,
				005A30B21ECE5174009B5AD9 /* Sources */,
				005A30B31ECE5174009B5AD9 /* Frameworks */,
				005A30B41ECE5174009B5AD9 /* Resources */,
				81E79E80002060B34F7E25D7 /* [CP] Embed Pods Frameworks */,
				3C32EDACD2ABCFCBC7F41BDB /* [CP] Copy Pods Resources */,
			);
			buildRules = (
			);
			dependencies = (
			);
			name = Pokedex;
			productName = Pokedex;
			productReference = 005A30B61ECE5174009B5AD9 /* Pokedex.app */;
			productType = "com.apple.product-type.application";
		};
		005A30C91ECE5174009B5AD9 /* PokedexTests */ = {
			isa = PBXNativeTarget;
			buildConfigurationList = 005A30E11ECE5174009B5AD9 /* Build configuration list for PBXNativeTarget "PokedexTests" */;
			buildPhases = (
				A736C96C4C2CD43B649906F4 /* [CP] Check Pods Manifest.lock */,
				005A30C61ECE5174009B5AD9 /* Sources */,
				005A30C71ECE5174009B5AD9 /* Frameworks */,
				005A30C81ECE5174009B5AD9 /* Resources */,
				F236902756811EC05F7F9675 /* [CP] Embed Pods Frameworks */,
				2C12D5F3FF77DE9EF617B8A8 /* [CP] Copy Pods Resources */,
			);
			buildRules = (
			);
			dependencies = (
				005A30CC1ECE5174009B5AD9 /* PBXTargetDependency */,
			);
			name = PokedexTests;
			productName = PokedexTests;
			productReference = 005A30CA1ECE5174009B5AD9 /* PokedexTests.xctest */;
			productType = "com.apple.product-type.bundle.unit-test";
		};
		005A30D41ECE5174009B5AD9 /* PokedexUITests */ = {
			isa = PBXNativeTarget;
			buildConfigurationList = 005A30E41ECE5174009B5AD9 /* Build configuration list for PBXNativeTarget "PokedexUITests" */;
			buildPhases = (
				147FDA2141CFD2E6CAB66977 /* [CP] Check Pods Manifest.lock */,
				005A30D11ECE5174009B5AD9 /* Sources */,
				005A30D21ECE5174009B5AD9 /* Frameworks */,
				005A30D31ECE5174009B5AD9 /* Resources */,
				03C2465F565D0C45FE750B33 /* [CP] Embed Pods Frameworks */,
				9068A390C97DD79DC1045ED7 /* [CP] Copy Pods Resources */,
			);
			buildRules = (
			);
			dependencies = (
				005A30D71ECE5174009B5AD9 /* PBXTargetDependency */,
			);
			name = PokedexUITests;
			productName = PokedexUITests;
			productReference = 005A30D51ECE5174009B5AD9 /* PokedexUITests.xctest */;
			productType = "com.apple.product-type.bundle.ui-testing";
		};
/* End PBXNativeTarget section */

/* Begin PBXProject section */
		005A30AE1ECE5174009B5AD9 /* Project object */ = {
			isa = PBXProject;
			attributes = {
				LastSwiftUpdateCheck = 0830;
				LastUpgradeCheck = 0830;
				ORGANIZATIONNAME = "Chihkao Yu";
				TargetAttributes = {
					005A30B51ECE5174009B5AD9 = {
						CreatedOnToolsVersion = 8.3.2;
						DevelopmentTeam = 7XUE4QVEE6;
						LastSwiftMigration = 0830;
						ProvisioningStyle = Automatic;
					};
					005A30C91ECE5174009B5AD9 = {
						CreatedOnToolsVersion = 8.3.2;
						DevelopmentTeam = 7XUE4QVEE6;
						LastSwiftMigration = 0830;
						ProvisioningStyle = Automatic;
						TestTargetID = 005A30B51ECE5174009B5AD9;
					};
					005A30D41ECE5174009B5AD9 = {
						CreatedOnToolsVersion = 8.3.2;
						DevelopmentTeam = 7XUE4QVEE6;
						LastSwiftMigration = 0830;
						ProvisioningStyle = Automatic;
						TestTargetID = 005A30B51ECE5174009B5AD9;
					};
				};
			};
			buildConfigurationList = 005A30B11ECE5174009B5AD9 /* Build configuration list for PBXProject "Pokedex" */;
			compatibilityVersion = "Xcode 3.2";
			developmentRegion = English;
			hasScannedForEncodings = 0;
			knownRegions = (
				en,
				Base,
			);
			mainGroup = 005A30AD1ECE5174009B5AD9;
			productRefGroup = 005A30B71ECE5174009B5AD9 /* Products */;
			projectDirPath = "";
			projectRoot = "";
			targets = (
				005A30B51ECE5174009B5AD9 /* Pokedex */,
				005A30C91ECE5174009B5AD9 /* PokedexTests */,
				005A30D41ECE5174009B5AD9 /* PokedexUITests */,
			);
		};
/* End PBXProject section */

/* Begin PBXResourcesBuildPhase section */
		005A30B41ECE5174009B5AD9 /* Resources */ = {
			isa = PBXResourcesBuildPhase;
			buildActionMask = 2147483647;
			files = (
				005FCF3E1ED62B9900591202 /* pokemon.ttf in Resources */,
				005FCF481ED62E0700591202 /* music.png in Resources */,
				005A30C41ECE5174009B5AD9 /* LaunchScreen.storyboard in Resources */,
				005FCF451ED62E0700591202 /* music.mp3 in Resources */,
				005A30C11ECE5174009B5AD9 /* Assets.xcassets in Resources */,
				005A30EB1ECE57DC009B5AD9 /* pokemon.csv in Resources */,
				005A30BF1ECE5174009B5AD9 /* Main.storyboard in Resources */,
			);
			runOnlyForDeploymentPostprocessing = 0;
		};
		005A30C81ECE5174009B5AD9 /* Resources */ = {
			isa = PBXResourcesBuildPhase;
			buildActionMask = 2147483647;
			files = (
				005FCF461ED62E0700591202 /* music.mp3 in Resources */,
				005FCF3F1ED62B9900591202 /* pokemon.ttf in Resources */,
				005FCF491ED62E0700591202 /* music.png in Resources */,
			);
			runOnlyForDeploymentPostprocessing = 0;
		};
		005A30D31ECE5174009B5AD9 /* Resources */ = {
			isa = PBXResourcesBuildPhase;
			buildActionMask = 2147483647;
			files = (
				005FCF471ED62E0700591202 /* music.mp3 in Resources */,
				005FCF401ED62B9900591202 /* pokemon.ttf in Resources */,
				005FCF4A1ED62E0700591202 /* music.png in Resources */,
			);
			runOnlyForDeploymentPostprocessing = 0;
		};
/* End PBXResourcesBuildPhase section */

/* Begin PBXShellScriptBuildPhase section */
		03C2465F565D0C45FE750B33 /* [CP] Embed Pods Frameworks */ = {
			isa = PBXShellScriptBuildPhase;
			buildActionMask = 2147483647;
			files = (
			);
			inputPaths = (
			);
			name = "[CP] Embed Pods Frameworks";
			outputPaths = (
			);
			runOnlyForDeploymentPostprocessing = 0;
			shellPath = /bin/sh;
			shellScript = "\"${SRCROOT}/Pods/Target Support Files/Pods-PokedexUITests/Pods-PokedexUITests-frameworks.sh\"\n";
			showEnvVarsInLog = 0;
		};
		147FDA2141CFD2E6CAB66977 /* [CP] Check Pods Manifest.lock */ = {
			isa = PBXShellScriptBuildPhase;
			buildActionMask = 2147483647;
			files = (
			);
			inputPaths = (
			);
			name = "[CP] Check Pods Manifest.lock";
			outputPaths = (
			);
			runOnlyForDeploymentPostprocessing = 0;
			shellPath = /bin/sh;
			shellScript = "diff \"${PODS_PODFILE_DIR_PATH}/Podfile.lock\" \"${PODS_ROOT}/Manifest.lock\" > /dev/null\nif [ $? != 0 ] ; then\n    # print error to STDERR\n    echo \"error: The sandbox is not in sync with the Podfile.lock. Run 'pod install' or update your CocoaPods installation.\" >&2\n    exit 1\nfi\n";
			showEnvVarsInLog = 0;
		};
		2C12D5F3FF77DE9EF617B8A8 /* [CP] Copy Pods Resources */ = {
			isa = PBXShellScriptBuildPhase;
			buildActionMask = 2147483647;
			files = (
			);
			inputPaths = (
			);
			name = "[CP] Copy Pods Resources";
			outputPaths = (
			);
			runOnlyForDeploymentPostprocessing = 0;
			shellPath = /bin/sh;
			shellScript = "\"${SRCROOT}/Pods/Target Support Files/Pods-PokedexTests/Pods-PokedexTests-resources.sh\"\n";
			showEnvVarsInLog = 0;
		};
		3C32EDACD2ABCFCBC7F41BDB /* [CP] Copy Pods Resources */ = {
			isa = PBXShellScriptBuildPhase;
			buildActionMask = 2147483647;
			files = (
			);
			inputPaths = (
			);
			name = "[CP] Copy Pods Resources";
			outputPaths = (
			);
			runOnlyForDeploymentPostprocessing = 0;
			shellPath = /bin/sh;
			shellScript = "\"${SRCROOT}/Pods/Target Support Files/Pods-Pokedex/Pods-Pokedex-resources.sh\"\n";
			showEnvVarsInLog = 0;
		};
		81E79E80002060B34F7E25D7 /* [CP] Embed Pods Frameworks */ = {
			isa = PBXShellScriptBuildPhase;
			buildActionMask = 2147483647;
			files = (
			);
			inputPaths = (
			);
			name = "[CP] Embed Pods Frameworks";
			outputPaths = (
			);
			runOnlyForDeploymentPostprocessing = 0;
			shellPath = /bin/sh;
			shellScript = "\"${SRCROOT}/Pods/Target Support Files/Pods-Pokedex/Pods-Pokedex-frameworks.sh\"\n";
			showEnvVarsInLog = 0;
		};
		9068A390C97DD79DC1045ED7 /* [CP] Copy Pods Resources */ = {
			isa = PBXShellScriptBuildPhase;
			buildActionMask = 2147483647;
			files = (
			);
			inputPaths = (
			);
			name = "[CP] Copy Pods Resources";
			outputPaths = (
			);
			runOnlyForDeploymentPostprocessing = 0;
			shellPath = /bin/sh;
			shellScript = "\"${SRCROOT}/Pods/Target Support Files/Pods-PokedexUITests/Pods-PokedexUITests-resources.sh\"\n";
			showEnvVarsInLog = 0;
		};
		A736C96C4C2CD43B649906F4 /* [CP] Check Pods Manifest.lock */ = {
			isa = PBXShellScriptBuildPhase;
			buildActionMask = 2147483647;
			files = (
			);
			inputPaths = (
			);
			name = "[CP] Check Pods Manifest.lock";
			outputPaths = (
			);
			runOnlyForDeploymentPostprocessing = 0;
			shellPath = /bin/sh;
			shellScript = "diff \"${PODS_PODFILE_DIR_PATH}/Podfile.lock\" \"${PODS_ROOT}/Manifest.lock\" > /dev/null\nif [ $? != 0 ] ; then\n    # print error to STDERR\n    echo \"error: The sandbox is not in sync with the Podfile.lock. Run 'pod install' or update your CocoaPods installation.\" >&2\n    exit 1\nfi\n";
			showEnvVarsInLog = 0;
		};
		C30DEA2EE2EFD22DE5377008 /* [CP] Check Pods Manifest.lock */ = {
			isa = PBXShellScriptBuildPhase;
			buildActionMask = 2147483647;
			files = (
			);
			inputPaths = (
			);
			name = "[CP] Check Pods Manifest.lock";
			outputPaths = (
			);
			runOnlyForDeploymentPostprocessing = 0;
			shellPath = /bin/sh;
			shellScript = "diff \"${PODS_PODFILE_DIR_PATH}/Podfile.lock\" \"${PODS_ROOT}/Manifest.lock\" > /dev/null\nif [ $? != 0 ] ; then\n    # print error to STDERR\n    echo \"error: The sandbox is not in sync with the Podfile.lock. Run 'pod install' or update your CocoaPods installation.\" >&2\n    exit 1\nfi\n";
			showEnvVarsInLog = 0;
		};
		F236902756811EC05F7F9675 /* [CP] Embed Pods Frameworks */ = {
			isa = PBXShellScriptBuildPhase;
			buildActionMask = 2147483647;
			files = (
			);
			inputPaths = (
			);
			name = "[CP] Embed Pods Frameworks";
			outputPaths = (
			);
			runOnlyForDeploymentPostprocessing = 0;
			shellPath = /bin/sh;
			shellScript = "\"${SRCROOT}/Pods/Target Support Files/Pods-PokedexTests/Pods-PokedexTests-frameworks.sh\"\n";
			showEnvVarsInLog = 0;
		};
/* End PBXShellScriptBuildPhase section */

/* Begin PBXSourcesBuildPhase section */
		005A30B21ECE5174009B5AD9 /* Sources */ = {
			isa = PBXSourcesBuildPhase;
			buildActionMask = 2147483647;
			files = (
				000214661ED39DB500ED291F /* PokeCell.swift in Sources */,
				005A30BC1ECE5174009B5AD9 /* ViewController.swift in Sources */,
				005A30BA1ECE5174009B5AD9 /* AppDelegate.swift in Sources */,
				00410FC31ED77EE3006656D1 /* PokemonDetailVC.swift in Sources */,
				000214641ED38D2500ED291F /* Pokemon.swift in Sources */,
				004EAF0B1ED4E17D001A7207 /* csv.swift in Sources */,
			);
			runOnlyForDeploymentPostprocessing = 0;
		};
		005A30C61ECE5174009B5AD9 /* Sources */ = {
			isa = PBXSourcesBuildPhase;
			buildActionMask = 2147483647;
			files = (
				005A30CF1ECE5174009B5AD9 /* PokedexTests.swift in Sources */,
			);
			runOnlyForDeploymentPostprocessing = 0;
		};
		005A30D11ECE5174009B5AD9 /* Sources */ = {
			isa = PBXSourcesBuildPhase;
			buildActionMask = 2147483647;
			files = (
				005A30DA1ECE5174009B5AD9 /* PokedexUITests.swift in Sources */,
			);
			runOnlyForDeploymentPostprocessing = 0;
		};
/* End PBXSourcesBuildPhase section */

/* Begin PBXTargetDependency section */
		005A30CC1ECE5174009B5AD9 /* PBXTargetDependency */ = {
			isa = PBXTargetDependency;
			target = 005A30B51ECE5174009B5AD9 /* Pokedex */;
			targetProxy = 005A30CB1ECE5174009B5AD9 /* PBXContainerItemProxy */;
		};
		005A30D71ECE5174009B5AD9 /* PBXTargetDependency */ = {
			isa = PBXTargetDependency;
			target = 005A30B51ECE5174009B5AD9 /* Pokedex */;
			targetProxy = 005A30D61ECE5174009B5AD9 /* PBXContainerItemProxy */;
		};
/* End PBXTargetDependency section */

/* Begin PBXVariantGroup section */
		005A30BD1ECE5174009B5AD9 /* Main.storyboard */ = {
			isa = PBXVariantGroup;
			children = (
				005A30BE1ECE5174009B5AD9 /* Base */,
			);
			name = Main.storyboard;
			sourceTree = "<group>";
		};
		005A30C21ECE5174009B5AD9 /* LaunchScreen.storyboard */ = {
			isa = PBXVariantGroup;
			children = (
				005A30C31ECE5174009B5AD9 /* Base */,
			);
			name = LaunchScreen.storyboard;
			sourceTree = "<group>";
		};
/* End PBXVariantGroup section */

/* Begin XCBuildConfiguration section */
		005A30DC1ECE5174009B5AD9 /* Debug */ = {
			isa = XCBuildConfiguration;
			buildSettings = {
				ALWAYS_SEARCH_USER_PATHS = NO;
				CLANG_ANALYZER_NONNULL = YES;
				CLANG_ANALYZER_NUMBER_OBJECT_CONVERSION = YES_AGGRESSIVE;
				CLANG_CXX_LANGUAGE_STANDARD = "gnu++0x";
				CLANG_CXX_LIBRARY = "libc++";
				CLANG_ENABLE_MODULES = YES;
				CLANG_ENABLE_OBJC_ARC = YES;
				CLANG_WARN_BOOL_CONVERSION = YES;
				CLANG_WARN_CONSTANT_CONVERSION = YES;
				CLANG_WARN_DIRECT_OBJC_ISA_USAGE = YES_ERROR;
				CLANG_WARN_DOCUMENTATION_COMMENTS = YES;
				CLANG_WARN_EMPTY_BODY = YES;
				CLANG_WARN_ENUM_CONVERSION = YES;
				CLANG_WARN_INFINITE_RECURSION = YES;
				CLANG_WARN_INT_CONVERSION = YES;
				CLANG_WARN_OBJC_ROOT_CLASS = YES_ERROR;
				CLANG_WARN_SUSPICIOUS_MOVE = YES;
				CLANG_WARN_UNREACHABLE_CODE = YES;
				CLANG_WARN__DUPLICATE_METHOD_MATCH = YES;
				"CODE_SIGN_IDENTITY[sdk=iphoneos*]" = "iPhone Developer";
				COPY_PHASE_STRIP = NO;
				DEBUG_INFORMATION_FORMAT = dwarf;
				ENABLE_STRICT_OBJC_MSGSEND = YES;
				ENABLE_TESTABILITY = YES;
				GCC_C_LANGUAGE_STANDARD = gnu99;
				GCC_DYNAMIC_NO_PIC = NO;
				GCC_NO_COMMON_BLOCKS = YES;
				GCC_OPTIMIZATION_LEVEL = 0;
				GCC_PREPROCESSOR_DEFINITIONS = (
					"DEBUG=1",
					"$(inherited)",
				);
				GCC_WARN_64_TO_32_BIT_CONVERSION = YES;
				GCC_WARN_ABOUT_RETURN_TYPE = YES_ERROR;
				GCC_WARN_UNDECLARED_SELECTOR = YES;
				GCC_WARN_UNINITIALIZED_AUTOS = YES_AGGRESSIVE;
				GCC_WARN_UNUSED_FUNCTION = YES;
				GCC_WARN_UNUSED_VARIABLE = YES;
				IPHONEOS_DEPLOYMENT_TARGET = 10.3;
				MTL_ENABLE_DEBUG_INFO = YES;
				ONLY_ACTIVE_ARCH = YES;
				SDKROOT = iphoneos;
				SWIFT_ACTIVE_COMPILATION_CONDITIONS = DEBUG;
				SWIFT_OPTIMIZATION_LEVEL = "-Onone";
				TARGETED_DEVICE_FAMILY = "1,2";
			};
			name = Debug;
		};
		005A30DD1ECE5174009B5AD9 /* Release */ = {
			isa = XCBuildConfiguration;
			buildSettings = {
				ALWAYS_SEARCH_USER_PATHS = NO;
				CLANG_ANALYZER_NONNULL = YES;
				CLANG_ANALYZER_NUMBER_OBJECT_CONVERSION = YES_AGGRESSIVE;
				CLANG_CXX_LANGUAGE_STANDARD = "gnu++0x";
				CLANG_CXX_LIBRARY = "libc++";
				CLANG_ENABLE_MODULES = YES;
				CLANG_ENABLE_OBJC_ARC = YES;
				CLANG_WARN_BOOL_CONVERSION = YES;
				CLANG_WARN_CONSTANT_CONVERSION = YES;
				CLANG_WARN_DIRECT_OBJC_ISA_USAGE = YES_ERROR;
				CLANG_WARN_DOCUMENTATION_COMMENTS = YES;
				CLANG_WARN_EMPTY_BODY = YES;
				CLANG_WARN_ENUM_CONVERSION = YES;
				CLANG_WARN_INFINITE_RECURSION = YES;
				CLANG_WARN_INT_CONVERSION = YES;
				CLANG_WARN_OBJC_ROOT_CLASS = YES_ERROR;
				CLANG_WARN_SUSPICIOUS_MOVE = YES;
				CLANG_WARN_UNREACHABLE_CODE = YES;
				CLANG_WARN__DUPLICATE_METHOD_MATCH = YES;
				"CODE_SIGN_IDENTITY[sdk=iphoneos*]" = "iPhone Developer";
				COPY_PHASE_STRIP = NO;
				DEBUG_INFORMATION_FORMAT = "dwarf-with-dsym";
				ENABLE_NS_ASSERTIONS = NO;
				ENABLE_STRICT_OBJC_MSGSEND = YES;
				GCC_C_LANGUAGE_STANDARD = gnu99;
				GCC_NO_COMMON_BLOCKS = YES;
				GCC_WARN_64_TO_32_BIT_CONVERSION = YES;
				GCC_WARN_ABOUT_RETURN_TYPE = YES_ERROR;
				GCC_WARN_UNDECLARED_SELECTOR = YES;
				GCC_WARN_UNINITIALIZED_AUTOS = YES_AGGRESSIVE;
				GCC_WARN_UNUSED_FUNCTION = YES;
				GCC_WARN_UNUSED_VARIABLE = YES;
				IPHONEOS_DEPLOYMENT_TARGET = 10.3;
				MTL_ENABLE_DEBUG_INFO = NO;
				SDKROOT = iphoneos;
				SWIFT_OPTIMIZATION_LEVEL = "-Owholemodule";
				TARGETED_DEVICE_FAMILY = "1,2";
				VALIDATE_PRODUCT = YES;
			};
			name = Release;
		};
		005A30DF1ECE5174009B5AD9 /* Debug */ = {
			isa = XCBuildConfiguration;
			baseConfigurationReference = BD17AE2ABF2160F3027E6611 /* Pods-Pokedex.debug.xcconfig */;
			buildSettings = {
				ASSETCATALOG_COMPILER_APPICON_NAME = AppIcon;
				DEVELOPMENT_TEAM = 7XUE4QVEE6;
				INFOPLIST_FILE = Pokedex/Info.plist;
				LD_RUNPATH_SEARCH_PATHS = "$(inherited) @executable_path/Frameworks";
				PRODUCT_BUNDLE_IDENTIFIER = com.ckfamily.Pokedex;
				PRODUCT_NAME = "$(TARGET_NAME)";
				SWIFT_VERSION = 3.0;
			};
			name = Debug;
		};
		005A30E01ECE5174009B5AD9 /* Release */ = {
			isa = XCBuildConfiguration;
			baseConfigurationReference = 564BBD402095F343F7156BFE /* Pods-Pokedex.release.xcconfig */;
			buildSettings = {
				ASSETCATALOG_COMPILER_APPICON_NAME = AppIcon;
				DEVELOPMENT_TEAM = 7XUE4QVEE6;
				INFOPLIST_FILE = Pokedex/Info.plist;
				LD_RUNPATH_SEARCH_PATHS = "$(inherited) @executable_path/Frameworks";
				PRODUCT_BUNDLE_IDENTIFIER = com.ckfamily.Pokedex;
				PRODUCT_NAME = "$(TARGET_NAME)";
				SWIFT_VERSION = 3.0;
			};
			name = Release;
		};
		005A30E21ECE5174009B5AD9 /* Debug */ = {
			isa = XCBuildConfiguration;
			baseConfigurationReference = C8FF8264F0D8FAA660136B98 /* Pods-PokedexTests.debug.xcconfig */;
			buildSettings = {
				ALWAYS_EMBED_SWIFT_STANDARD_LIBRARIES = YES;
				BUNDLE_LOADER = "$(TEST_HOST)";
				DEVELOPMENT_TEAM = 7XUE4QVEE6;
				INFOPLIST_FILE = PokedexTests/Info.plist;
				LD_RUNPATH_SEARCH_PATHS = "$(inherited) @executable_path/Frameworks @loader_path/Frameworks";
				PRODUCT_BUNDLE_IDENTIFIER = com.ckfamily.PokedexTests;
				PRODUCT_NAME = "$(TARGET_NAME)";
				SWIFT_VERSION = 3.0;
				TEST_HOST = "$(BUILT_PRODUCTS_DIR)/Pokedex.app/Pokedex";
			};
			name = Debug;
		};
		005A30E31ECE5174009B5AD9 /* Release */ = {
			isa = XCBuildConfiguration;
			baseConfigurationReference = D0621A4CB5B2A7541EFDDAB2 /* Pods-PokedexTests.release.xcconfig */;
			buildSettings = {
				ALWAYS_EMBED_SWIFT_STANDARD_LIBRARIES = YES;
				BUNDLE_LOADER = "$(TEST_HOST)";
				DEVELOPMENT_TEAM = 7XUE4QVEE6;
				INFOPLIST_FILE = PokedexTests/Info.plist;
				LD_RUNPATH_SEARCH_PATHS = "$(inherited) @executable_path/Frameworks @loader_path/Frameworks";
				PRODUCT_BUNDLE_IDENTIFIER = com.ckfamily.PokedexTests;
				PRODUCT_NAME = "$(TARGET_NAME)";
				SWIFT_VERSION = 3.0;
				TEST_HOST = "$(BUILT_PRODUCTS_DIR)/Pokedex.app/Pokedex";
			};
			name = Release;
		};
		005A30E51ECE5174009B5AD9 /* Debug */ = {
			isa = XCBuildConfiguration;
			baseConfigurationReference = C0CFBF3EFDAAC72B7758F815 /* Pods-PokedexUITests.debug.xcconfig */;
			buildSettings = {
				ALWAYS_EMBED_SWIFT_STANDARD_LIBRARIES = YES;
				DEVELOPMENT_TEAM = 7XUE4QVEE6;
				INFOPLIST_FILE = PokedexUITests/Info.plist;
				LD_RUNPATH_SEARCH_PATHS = "$(inherited) @executable_path/Frameworks @loader_path/Frameworks";
				PRODUCT_BUNDLE_IDENTIFIER = com.ckfamily.PokedexUITests;
				PRODUCT_NAME = "$(TARGET_NAME)";
				SWIFT_VERSION = 3.0;
				TEST_TARGET_NAME = Pokedex;
			};
			name = Debug;
		};
		005A30E61ECE5174009B5AD9 /* Release */ = {
			isa = XCBuildConfiguration;
			baseConfigurationReference = A14CFF4993A7942FC908A55D /* Pods-PokedexUITests.release.xcconfig */;
			buildSettings = {
				ALWAYS_EMBED_SWIFT_STANDARD_LIBRARIES = YES;
				DEVELOPMENT_TEAM = 7XUE4QVEE6;
				INFOPLIST_FILE = PokedexUITests/Info.plist;
				LD_RUNPATH_SEARCH_PATHS = "$(inherited) @executable_path/Frameworks @loader_path/Frameworks";
				PRODUCT_BUNDLE_IDENTIFIER = com.ckfamily.PokedexUITests;
				PRODUCT_NAME = "$(TARGET_NAME)";
				SWIFT_VERSION = 3.0;
				TEST_TARGET_NAME = Pokedex;
			};
			name = Release;
		};
/* End XCBuildConfiguration section */

/* Begin XCConfigurationList section */
		005A30B11ECE5174009B5AD9 /* Build configuration list for PBXProject "Pokedex" */ = {
			isa = XCConfigurationList;
			buildConfigurations = (
				005A30DC1ECE5174009B5AD9 /* Debug */,
				005A30DD1ECE5174009B5AD9 /* Release */,
			);
			defaultConfigurationIsVisible = 0;
			defaultConfigurationName = Release;
		};
		005A30DE1ECE5174009B5AD9 /* Build configuration list for PBXNativeTarget "Pokedex" */ = {
			isa = XCConfigurationList;
			buildConfigurations = (
				005A30DF1ECE5174009B5AD9 /* Debug */,
				005A30E01ECE5174009B5AD9 /* Release */,
			);
			defaultConfigurationIsVisible = 0;
			defaultConfigurationName = Release;
		};
		005A30E11ECE5174009B5AD9 /* Build configuration list for PBXNativeTarget "PokedexTests" */ = {
			isa = XCConfigurationList;
			buildConfigurations = (
				005A30E21ECE5174009B5AD9 /* Debug */,
				005A30E31ECE5174009B5AD9 /* Release */,
			);
			defaultConfigurationIsVisible = 0;
			defaultConfigurationName = Release;
		};
		005A30E41ECE5174009B5AD9 /* Build configuration list for PBXNativeTarget "PokedexUITests" */ = {
			isa = XCConfigurationList;
			buildConfigurations = (
				005A30E51ECE5174009B5AD9 /* Debug */,
				005A30E61ECE5174009B5AD9 /* Release */,
			);
			defaultConfigurationIsVisible = 0;
			defaultConfigurationName = Release;
		};
/* End XCConfigurationList section */
	};
	rootObject = 005A30AE1ECE5174009B5AD9 /* Project object */;
}
